
Microsoft Visual Studio Solution File, Format Version 12.00
# Visual Studio 15
VisualStudioVersion = 15.0.26430.16
MinimumVisualStudioVersion = 10.0.40219.1
Project("{FAE04EC0-301F-11D3-BF4B-00C04F79EFBC}") = "01_Max_Sequence_of_Equal_Elements", "01_Max_Sequence_of_Equal_Elements\01_Max_Sequence_of_Equal_Elements.csproj", "{14AAE766-280C-4F24-A007-C7CC37C91A8A}"
EndProject
Project("{FAE04EC0-301F-11D3-BF4B-00C04F79EFBC}") = "02_Change_List", "02_Change_List\02_Change_List.csproj", "{3BF22DEE-52A1-4942-92C3-4FB0020599BC}"
EndProject
Project("{FAE04EC0-301F-11D3-BF4B-00C04F79EFBC}") = "03_Search_For_Number", "03_Search_For_Number\03_Search_For_Number.csproj", "{2CA958B2-0936-411E-B2FA-A077B7F72AB1}"
EndProject
Project("{FAE04EC0-301F-11D3-BF4B-00C04F79EFBC}") = "04_Longest_Increasting_Subsequence", "04_Longest_Increasting_Subsequence\04_Longest_Increasting_Subsequence.csproj", "{040B7701-CECD-41C6-AE3E-43FDCF0816E7}"
EndProject
Global
	GlobalSection(SolutionConfigurationPlatforms) = preSolution
		Debug|Any CPU = Debug|Any CPU
		Release|Any CPU = Release|Any CPU
	EndGlobalSection
	GlobalSection(ProjectConfigurationPlatforms) = postSolution
		{14AAE766-280C-4F24-A007-C7CC37C91A8A}.Debug|Any CPU.ActiveCfg = Debug|Any CPU
		{14AAE766-280C-4F24-A007-C7CC37C91A8A}.Debug|Any CPU.Build.0 = Debug|Any CPU
		{14AAE766-280C-4F24-A007-C7CC37C91A8A}.Release|Any CPU.ActiveCfg = Release|Any CPU
		{14AAE766-280C-4F24-A007-C7CC37C91A8A}.Release|Any CPU.Build.0 = Release|Any CPU
		{3BF22DEE-52A1-4942-92C3-4FB0020599BC}.Debug|Any CPU.ActiveCfg = Debug|Any CPU
		{3BF22DEE-52A1-4942-92C3-4FB0020599BC}.Debug|Any CPU.Build.0 = Debug|Any CPU
		{3BF22DEE-52A1-4942-92C3-4FB0020599BC}.Release|Any CPU.ActiveCfg = Release|Any CPU
		{3BF22DEE-52A1-4942-92C3-4FB0020599BC}.Release|Any CPU.Build.0 = Release|Any CPU
		{2CA958B2-0936-411E-B2FA-A077B7F72AB1}.Debug|Any CPU.ActiveCfg = Debug|Any CPU
		{2CA958B2-0936-411E-B2FA-A077B7F72AB1}.Debug|Any CPU.Build.0 = Debug|Any CPU
		{2CA958B2-0936-411E-B2FA-A077B7F72AB1}.Release|Any CPU.ActiveCfg = Release|Any CPU
		{2CA958B2-0936-411E-B2FA-A077B7F72AB1}.Release|Any CPU.Build.0 = Release|Any CPU
		{040B7701-CECD-41C6-AE3E-43FDCF0816E7}.Debug|Any CPU.ActiveCfg = Debug|Any CPU
		{040B7701-CECD-41C6-AE3E-43FDCF0816E7}.Debug|Any CPU.Build.0 = Debug|Any CPU
		{040B7701-CECD-41C6-AE3E-43FDCF0816E7}.Release|Any CPU.ActiveCfg = Release|Any CPU
		{040B7701-CECD-41C6-AE3E-43FDCF0816E7}.Release|Any CPU.Build.0 = Release|Any CPU
	EndGlobalSection
	GlobalSection(SolutionProperties) = preSolution
		HideSolutionNode = FALSE
	EndGlobalSection
EndGlobal
