
Microsoft Visual Studio Solution File, Format Version 12.00
# Visual Studio 15
VisualStudioVersion = 15.0.26430.16
MinimumVisualStudioVersion = 10.0.40219.1
Project("{FAE04EC0-301F-11D3-BF4B-00C04F79EFBC}") = "03_Circles", "08_Objects\03_Circles.csproj", "{6008F08C-C897-4B2F-B1EB-D452940B5E83}"
EndProject
Project("{FAE04EC0-301F-11D3-BF4B-00C04F79EFBC}") = "01_Count_Days", "01_Count_Days\01_Count_Days.csproj", "{D773147F-A7EE-4BF8-AACA-80E4D1330BB4}"
EndProject
Project("{FAE04EC0-301F-11D3-BF4B-00C04F79EFBC}") = "02_Advertisement_Message", "02_Advertisement_Message\02_Advertisement_Message.csproj", "{E748D625-D061-4937-A568-36687E999F3A}"
EndProject
Project("{FAE04EC0-301F-11D3-BF4B-00C04F79EFBC}") = "04_Students_Grades", "04_Students_Grades\04_Students_Grades.csproj", "{75AF7299-0CBB-4E15-A988-A213BAF6C3F7}"
EndProject
Project("{FAE04EC0-301F-11D3-BF4B-00C04F79EFBC}") = "05_Book_Library", "05_Book_Library\05_Book_Library.csproj", "{F307DC52-FAA8-44DD-93D1-28BEC5866211}"
EndProject
Project("{FAE04EC0-301F-11D3-BF4B-00C04F79EFBC}") = "06_Book_Library_Updateds", "06_Book_Library_Updateds\06_Book_Library_Updateds.csproj", "{FABF7242-C179-4CCF-B835-F09EDBD6EE43}"
EndProject
Global
	GlobalSection(SolutionConfigurationPlatforms) = preSolution
		Debug|Any CPU = Debug|Any CPU
		Release|Any CPU = Release|Any CPU
	EndGlobalSection
	GlobalSection(ProjectConfigurationPlatforms) = postSolution
		{6008F08C-C897-4B2F-B1EB-D452940B5E83}.Debug|Any CPU.ActiveCfg = Debug|Any CPU
		{6008F08C-C897-4B2F-B1EB-D452940B5E83}.Debug|Any CPU.Build.0 = Debug|Any CPU
		{6008F08C-C897-4B2F-B1EB-D452940B5E83}.Release|Any CPU.ActiveCfg = Release|Any CPU
		{6008F08C-C897-4B2F-B1EB-D452940B5E83}.Release|Any CPU.Build.0 = Release|Any CPU
		{D773147F-A7EE-4BF8-AACA-80E4D1330BB4}.Debug|Any CPU.ActiveCfg = Debug|Any CPU
		{D773147F-A7EE-4BF8-AACA-80E4D1330BB4}.Debug|Any CPU.Build.0 = Debug|Any CPU
		{D773147F-A7EE-4BF8-AACA-80E4D1330BB4}.Release|Any CPU.ActiveCfg = Release|Any CPU
		{D773147F-A7EE-4BF8-AACA-80E4D1330BB4}.Release|Any CPU.Build.0 = Release|Any CPU
		{E748D625-D061-4937-A568-36687E999F3A}.Debug|Any CPU.ActiveCfg = Debug|Any CPU
		{E748D625-D061-4937-A568-36687E999F3A}.Debug|Any CPU.Build.0 = Debug|Any CPU
		{E748D625-D061-4937-A568-36687E999F3A}.Release|Any CPU.ActiveCfg = Release|Any CPU
		{E748D625-D061-4937-A568-36687E999F3A}.Release|Any CPU.Build.0 = Release|Any CPU
		{75AF7299-0CBB-4E15-A988-A213BAF6C3F7}.Debug|Any CPU.ActiveCfg = Debug|Any CPU
		{75AF7299-0CBB-4E15-A988-A213BAF6C3F7}.Debug|Any CPU.Build.0 = Debug|Any CPU
		{75AF7299-0CBB-4E15-A988-A213BAF6C3F7}.Release|Any CPU.ActiveCfg = Release|Any CPU
		{75AF7299-0CBB-4E15-A988-A213BAF6C3F7}.Release|Any CPU.Build.0 = Release|Any CPU
		{F307DC52-FAA8-44DD-93D1-28BEC5866211}.Debug|Any CPU.ActiveCfg = Debug|Any CPU
		{F307DC52-FAA8-44DD-93D1-28BEC5866211}.Debug|Any CPU.Build.0 = Debug|Any CPU
		{F307DC52-FAA8-44DD-93D1-28BEC5866211}.Release|Any CPU.ActiveCfg = Release|Any CPU
		{F307DC52-FAA8-44DD-93D1-28BEC5866211}.Release|Any CPU.Build.0 = Release|Any CPU
		{FABF7242-C179-4CCF-B835-F09EDBD6EE43}.Debug|Any CPU.ActiveCfg = Debug|Any CPU
		{FABF7242-C179-4CCF-B835-F09EDBD6EE43}.Debug|Any CPU.Build.0 = Debug|Any CPU
		{FABF7242-C179-4CCF-B835-F09EDBD6EE43}.Release|Any CPU.ActiveCfg = Release|Any CPU
		{FABF7242-C179-4CCF-B835-F09EDBD6EE43}.Release|Any CPU.Build.0 = Release|Any CPU
	EndGlobalSection
	GlobalSection(SolutionProperties) = preSolution
		HideSolutionNode = FALSE
	EndGlobalSection
EndGlobal
